
Microsoft Visual Studio Solution File, Format Version 12.00
# Visual Studio Version 17
VisualStudioVersion = 17.3.32804.467
MinimumVisualStudioVersion = 10.0.40219.1
Project("{2150E333-8FDC-42A3-9474-1A3956D46DE8}") = "src", "src", "{F8695258-5E16-44F7-BDA0-A628B72B37D4}"
EndProject
Project("{FAE04EC0-301F-11D3-BF4B-00C04F79EFBC}") = "P.FGSP", "src\P.FGSP\P.FGSP.csproj", "{EDACDCA1-F914-43EE-894B-4B0812FC92BF}"
EndProject
Global
	GlobalSection(SolutionConfigurationPlatforms) = preSolution
		Debug|Any CPU = Debug|Any CPU
		Release|Any CPU = Release|Any CPU
	EndGlobalSection
	GlobalSection(ProjectConfigurationPlatforms) = postSolution
		{EDACDCA1-F914-43EE-894B-4B0812FC92BF}.Debug|Any CPU.ActiveCfg = Debug|Any CPU
		{EDACDCA1-F914-43EE-894B-4B0812FC92BF}.Debug|Any CPU.Build.0 = Debug|Any CPU
		{EDACDCA1-F914-43EE-894B-4B0812FC92BF}.Release|Any CPU.ActiveCfg = Release|Any CPU
		{EDACDCA1-F914-43EE-894B-4B0812FC92BF}.Release|Any CPU.Build.0 = Release|Any CPU
	EndGlobalSection
	GlobalSection(SolutionProperties) = preSolution
		HideSolutionNode = FALSE
	EndGlobalSection
	GlobalSection(NestedProjects) = preSolution
		{EDACDCA1-F914-43EE-894B-4B0812FC92BF} = {F8695258-5E16-44F7-BDA0-A628B72B37D4}
	EndGlobalSection
	GlobalSection(ExtensibilityGlobals) = postSolution
		SolutionGuid = {EE04D2BB-C3F3-424D-B287-79295E44A140}
	EndGlobalSection
EndGlobal
